<?xml version="1.0" encoding="utf-8"?>
<Project ToolsVersion="4.0" xmlns="http://schemas.microsoft.com/developer/msbuild/2003">
  <ItemGroup>
    <Filter Include="Header Files">
      <UniqueIdentifier>{a918aa81-410f-40f0-bdc8-8cabbfbb93e2}</UniqueIdentifier>
    </Filter>
    <Filter Include="Source Files">
      <UniqueIdentifier>{abe11f9f-edec-4976-a47c-41ee95f93bd7}</UniqueIdentifier>
    </Filter>
  </ItemGroup>
  <ItemGroup>
    <ClInclude Include="inc\misc\bits.hpp">
      <Filter>Header Files</Filter>
    </ClInclude>
    <ClInclude Include="inc\linear\mat3.hpp">
      <Filter>Header Files</Filter>
    </ClInclude>
    <ClInclude Include="inc\linear\matrix.hpp">
      <Filter>Header Files</Filter>
    </ClInclude>
    <ClInclude Include="inc\misc\misc.hpp">
      <Filter>Header Files</Filter>
    </ClInclude>
    <ClInclude Include="inc\solvers\newmark.hpp">
      <Filter>Header Files</Filter>
    </ClInclude>
    <ClInclude Include="inc\solvers\newton_raphson.hpp">
      <Filter>Header Files</Filter>
    </ClInclude>
    <ClInclude Include="inc\quadrature\quadrature.hpp">
      <Filter>Header Files</Filter>
    </ClInclude>
    <ClInclude Include="inc\linear\quat.hpp">
      <Filter>Header Files</Filter>
    </ClInclude>
    <ClInclude Include="inc\misc\rotations.hpp">
      <Filter>Header Files</Filter>
    </ClInclude>
    <ClInclude Include="inc\quadrature\rule.hpp">
      <Filter>Header Files</Filter>
    </ClInclude>
    <ClInclude Include="inc\solvers\runge_kutta.hpp">
      <Filter>Header Files</Filter>
    </ClInclude>
    <ClInclude Include="inc\linear\span.hpp">
      <Filter>Header Files</Filter>
    </ClInclude>
    <ClInclude Include="inc\linear\sparse.hpp">
      <Filter>Header Files</Filter>
    </ClInclude>
    <ClInclude Include="inc\solvers\strategies.hpp">
      <Filter>Header Files</Filter>
    </ClInclude>
    <ClInclude Include="inc\linear\vec3.hpp">
      <Filter>Header Files</Filter>
    </ClInclude>
    <ClInclude Include="inc\linear\vector.hpp">
      <Filter>Header Files</Filter>
    </ClInclude>
  </ItemGroup>
  <ItemGroup>
    <ClCompile Include="src\misc\bits.cpp">
      <Filter>Source Files</Filter>
    </ClCompile>
    <ClCompile Include="src\linear\mat3.cpp">
      <Filter>Source Files</Filter>
    </ClCompile>
    <ClCompile Include="src\linear\matrix.cpp">
      <Filter>Source Files</Filter>
    </ClCompile>
    <ClCompile Include="src\misc\misc.cpp">
      <Filter>Source Files</Filter>
    </ClCompile>
    <ClCompile Include="src\solvers\newmark.cpp">
      <Filter>Source Files</Filter>
    </ClCompile>
    <ClCompile Include="src\solvers\newton_raphson.cpp">
      <Filter>Source Files</Filter>
    </ClCompile>
    <ClCompile Include="src\quadrature\quadrature.cpp">
      <Filter>Source Files</Filter>
    </ClCompile>
    <ClCompile Include="src\linear\quat.cpp">
      <Filter>Source Files</Filter>
    </ClCompile>
    <ClCompile Include="src\misc\rotations.cpp">
      <Filter>Source Files</Filter>
    </ClCompile>
    <ClCompile Include="src\solvers\runge_kutta.cpp">
      <Filter>Source Files</Filter>
    </ClCompile>
    <ClCompile Include="src\linear\span.cpp">
      <Filter>Source Files</Filter>
    </ClCompile>
    <ClCompile Include="src\linear\sparse.cpp">
      <Filter>Source Files</Filter>
    </ClCompile>
    <ClCompile Include="src\linear\vec3.cpp">
      <Filter>Source Files</Filter>
    </ClCompile>
    <ClCompile Include="src\linear\vector.cpp">
      <Filter>Source Files</Filter>
    </ClCompile>
  </ItemGroup>
</Project>